
Microsoft Visual Studio Solution File, Format Version 12.00
# Visual Studio Version 17
VisualStudioVersion = 17.12.35527.113 d17.12
MinimumVisualStudioVersion = 10.0.40219.1
Project("{2150E333-8FDC-42A3-9474-1A3956D46DE8}") = "src", "src", "{527248D6-B851-4C8D-8667-E2FB0A91DABF}"
	ProjectSection(SolutionItems) = preProject
		src\Directory.Build.props = src\Directory.Build.props
	EndProjectSection
EndProject
Project("{FAE04EC0-301F-11D3-BF4B-00C04F79EFBC}") = "Elsa.Integrations.AzureStorage", "src\Elsa.Integrations.AzureStorage\Elsa.Integrations.AzureStorage.csproj", "{A8666FC4-66E1-4766-A22B-C410D42D03DD}"
EndProject
Project("{2150E333-8FDC-42A3-9474-1A3956D46DE8}") = "solution", "solution", "{DE39E491-5DDC-40F4-91D5-7F5FAF0E1884}"
	ProjectSection(SolutionItems) = preProject
		.gitignore = .gitignore
		CONTRIBUTING.md = CONTRIBUTING.md
		Directory.Build.props = Directory.Build.props
		Directory.Packages.props = Directory.Packages.props
		icon.png = icon.png
		LICENSE = LICENSE
		NuGet.Config = NuGet.Config
		README.md = README.md
	EndProjectSection
EndProject
Project("{FAE04EC0-301F-11D3-BF4B-00C04F79EFBC}") = "Elsa.Integrations.Slack", "src\Elsa.Integrations.Slack\Elsa.Integrations.Slack.csproj", "{9732E404-11B5-48DB-B5D9-97997F018830}"
EndProject
Project("{2150E333-8FDC-42A3-9474-1A3956D46DE8}") = "test", "test", "{A99FA26E-2098-403A-BD04-6BBCFBE3AC7D}"
EndProject
Project("{FAE04EC0-301F-11D3-BF4B-00C04F79EFBC}") = "Elsa.Integrations.Slack.Tests", "test\Elsa.Integrations.Slack.Tests\Elsa.Integrations.Slack.Tests.csproj", "{861E1230-F9CB-450C-845E-04DFDA259E26}"
EndProject
Project("{FAE04EC0-301F-11D3-BF4B-00C04F79EFBC}") = "Elsa.Integrations.Telnyx", "src\Elsa.Integrations.Telnyx\Elsa.Integrations.Telnyx.csproj", "{128B2FC3-81A7-4327-9665-9155B05F21DA}"
EndProject
Project("{FAE04EC0-301F-11D3-BF4B-00C04F79EFBC}") = "Elsa.Integrations.OrchardCore", "src\Elsa.Integrations.OrchardCore\Elsa.Integrations.OrchardCore.csproj", "{71D93DC7-A455-4EDC-86DB-826CCEECEEF8}"
EndProject
Project("{FAE04EC0-301F-11D3-BF4B-00C04F79EFBC}") = "Elsa.Integrations.AzureServiceBus", "src\Elsa.Integrations.AzureServiceBus\Elsa.Integrations.AzureServiceBus.csproj", "{BC283CFE-D542-4D40-AE7F-6888B876AA2B}"
EndProject
Project("{2150E333-8FDC-42A3-9474-1A3956D46DE8}") = "github", "github", "{D0212324-351E-4CA6-95EE-27754B5367CC}"
EndProject
Project("{2150E333-8FDC-42A3-9474-1A3956D46DE8}") = "workflows", "workflows", "{3948BAF0-023F-4B43-8E77-56C3B00C6EFD}"
	ProjectSection(SolutionItems) = preProject
		.github\workflows\packages.yml = .github\workflows\packages.yml
	EndProjectSection
EndProject
Project("{FAE04EC0-301F-11D3-BF4B-00C04F79EFBC}") = "_build", "build\_build.csproj", "{4D16DD17-0BC9-476D-9B38-0A8644DD92FE}"
EndProject
Global
	GlobalSection(SolutionConfigurationPlatforms) = preSolution
		Debug|Any CPU = Debug|Any CPU
		Release|Any CPU = Release|Any CPU
	EndGlobalSection
	GlobalSection(ProjectConfigurationPlatforms) = postSolution
		{A8666FC4-66E1-4766-A22B-C410D42D03DD}.Debug|Any CPU.ActiveCfg = Debug|Any CPU
		{A8666FC4-66E1-4766-A22B-C410D42D03DD}.Debug|Any CPU.Build.0 = Debug|Any CPU
		{A8666FC4-66E1-4766-A22B-C410D42D03DD}.Release|Any CPU.ActiveCfg = Release|Any CPU
		{A8666FC4-66E1-4766-A22B-C410D42D03DD}.Release|Any CPU.Build.0 = Release|Any CPU
		{9732E404-11B5-48DB-B5D9-97997F018830}.Debug|Any CPU.ActiveCfg = Debug|Any CPU
		{9732E404-11B5-48DB-B5D9-97997F018830}.Debug|Any CPU.Build.0 = Debug|Any CPU
		{9732E404-11B5-48DB-B5D9-97997F018830}.Release|Any CPU.ActiveCfg = Release|Any CPU
		{9732E404-11B5-48DB-B5D9-97997F018830}.Release|Any CPU.Build.0 = Release|Any CPU
		{861E1230-F9CB-450C-845E-04DFDA259E26}.Debug|Any CPU.ActiveCfg = Debug|Any CPU
		{861E1230-F9CB-450C-845E-04DFDA259E26}.Debug|Any CPU.Build.0 = Debug|Any CPU
		{861E1230-F9CB-450C-845E-04DFDA259E26}.Release|Any CPU.ActiveCfg = Release|Any CPU
		{861E1230-F9CB-450C-845E-04DFDA259E26}.Release|Any CPU.Build.0 = Release|Any CPU
		{128B2FC3-81A7-4327-9665-9155B05F21DA}.Debug|Any CPU.ActiveCfg = Debug|Any CPU
		{128B2FC3-81A7-4327-9665-9155B05F21DA}.Debug|Any CPU.Build.0 = Debug|Any CPU
		{128B2FC3-81A7-4327-9665-9155B05F21DA}.Release|Any CPU.ActiveCfg = Release|Any CPU
		{128B2FC3-81A7-4327-9665-9155B05F21DA}.Release|Any CPU.Build.0 = Release|Any CPU
		{71D93DC7-A455-4EDC-86DB-826CCEECEEF8}.Debug|Any CPU.ActiveCfg = Debug|Any CPU
		{71D93DC7-A455-4EDC-86DB-826CCEECEEF8}.Debug|Any CPU.Build.0 = Debug|Any CPU
		{71D93DC7-A455-4EDC-86DB-826CCEECEEF8}.Release|Any CPU.ActiveCfg = Release|Any CPU
		{71D93DC7-A455-4EDC-86DB-826CCEECEEF8}.Release|Any CPU.Build.0 = Release|Any CPU
		{BC283CFE-D542-4D40-AE7F-6888B876AA2B}.Debug|Any CPU.ActiveCfg = Debug|Any CPU
		{BC283CFE-D542-4D40-AE7F-6888B876AA2B}.Debug|Any CPU.Build.0 = Debug|Any CPU
		{BC283CFE-D542-4D40-AE7F-6888B876AA2B}.Release|Any CPU.ActiveCfg = Release|Any CPU
		{BC283CFE-D542-4D40-AE7F-6888B876AA2B}.Release|Any CPU.Build.0 = Release|Any CPU
	EndGlobalSection
	GlobalSection(SolutionProperties) = preSolution
		HideSolutionNode = FALSE
	EndGlobalSection
	GlobalSection(NestedProjects) = preSolution
		{A8666FC4-66E1-4766-A22B-C410D42D03DD} = {527248D6-B851-4C8D-8667-E2FB0A91DABF}
		{9732E404-11B5-48DB-B5D9-97997F018830} = {527248D6-B851-4C8D-8667-E2FB0A91DABF}
		{861E1230-F9CB-450C-845E-04DFDA259E26} = {A99FA26E-2098-403A-BD04-6BBCFBE3AC7D}
		{128B2FC3-81A7-4327-9665-9155B05F21DA} = {527248D6-B851-4C8D-8667-E2FB0A91DABF}
		{71D93DC7-A455-4EDC-86DB-826CCEECEEF8} = {527248D6-B851-4C8D-8667-E2FB0A91DABF}
		{BC283CFE-D542-4D40-AE7F-6888B876AA2B} = {527248D6-B851-4C8D-8667-E2FB0A91DABF}
		{3948BAF0-023F-4B43-8E77-56C3B00C6EFD} = {D0212324-351E-4CA6-95EE-27754B5367CC}
	EndGlobalSection
EndGlobal
