
Microsoft Visual Studio Solution File, Format Version 12.00
# Visual Studio Version 17
VisualStudioVersion = 17.12.35527.113
MinimumVisualStudioVersion = 10.0.40219.1
Project("{2150E333-8FDC-42A3-9474-1A3956D46DE8}") = "src", "src", "{527248D6-B851-4C8D-8667-E2FB0A91DABF}"
	ProjectSection(SolutionItems) = preProject
		src\Directory.Build.props = src\Directory.Build.props
	EndProjectSection
EndProject
Project("{2150E333-8FDC-42A3-9474-1A3956D46DE8}") = "solution", "solution", "{DE39E491-5DDC-40F4-91D5-7F5FAF0E1884}"
	ProjectSection(SolutionItems) = preProject
		.gitignore = .gitignore
		CONTRIBUTING.md = CONTRIBUTING.md
		Directory.Build.props = Directory.Build.props
		Directory.Packages.props = Directory.Packages.props
		icon.png = icon.png
		LICENSE = LICENSE
		NuGet.Config = NuGet.Config
		README-TEMPLATE.md = README-TEMPLATE.md
		README.md = README.md
	EndProjectSection
EndProject
Project("{2150E333-8FDC-42A3-9474-1A3956D46DE8}") = "test", "test", "{A99FA26E-2098-403A-BD04-6BBCFBE3AC7D}"
	ProjectSection(SolutionItems) = preProject
		test\Directory.Build.props = test\Directory.Build.props
	EndProjectSection
EndProject
Project("{FAE04EC0-301F-11D3-BF4B-00C04F79EFBC}") = "Elsa.Integrations.Telnyx", "src\Elsa.Integrations.Telnyx\Elsa.Integrations.Telnyx.csproj", "{128B2FC3-81A7-4327-9665-9155B05F21DA}"
EndProject
Project("{2150E333-8FDC-42A3-9474-1A3956D46DE8}") = "github", "github", "{D0212324-351E-4CA6-95EE-27754B5367CC}"
EndProject
Project("{2150E333-8FDC-42A3-9474-1A3956D46DE8}") = "workflows", "workflows", "{3948BAF0-023F-4B43-8E77-56C3B00C6EFD}"
	ProjectSection(SolutionItems) = preProject
		.github\workflows\packages.yml = .github\workflows\packages.yml
	EndProjectSection
EndProject
Project("{FAE04EC0-301F-11D3-BF4B-00C04F79EFBC}") = "_build", "build\_build.csproj", "{4D16DD17-0BC9-476D-9B38-0A8644DD92FE}"
EndProject
Project("{2150E333-8FDC-42A3-9474-1A3956D46DE8}") = "unit", "unit", "{AF041BAE-B45A-428B-B7F5-921CCB895558}"
EndProject
Project("{2150E333-8FDC-42A3-9474-1A3956D46DE8}") = "component", "component", "{60461F37-79E1-4EBB-8742-9F6578C6A745}"
	ProjectSection(SolutionItems) = preProject
		test\component\Directory.Build.props = test\component\Directory.Build.props
	EndProjectSection
EndProject
Project("{FAE04EC0-301F-11D3-BF4B-00C04F79EFBC}") = "Elsa.Integrations.Slack.Tests", "test\unit\Elsa.Integrations.Slack.Tests\Elsa.Integrations.Slack.Tests.csproj", "{A1ADCCC2-01DD-41BA-8A81-FAAE96EC729D}"
EndProject
Project("{FAE04EC0-301F-11D3-BF4B-00C04F79EFBC}") = "Elsa.Integrations.AzureServiceBus.ComponentTests", "test\component\Elsa.Integrations.AzureServiceBus.ComponentTests\Elsa.Integrations.AzureServiceBus.ComponentTests.csproj", "{2175629F-FA99-4840-9F12-3FE7417706B9}"
EndProject
Project("{FAE04EC0-301F-11D3-BF4B-00C04F79EFBC}") = "Elsa.TestServer.Web", "test\component\Elsa.TestServer.Web\Elsa.TestServer.Web.csproj", "{91D7599F-B4BC-4C2E-A346-56DDCD6F9FDC}"
EndProject
Project("{FAE04EC0-301F-11D3-BF4B-00C04F79EFBC}") = "Elsa.Integrations.Agents.Activities", "src\Elsa.Integrations.Agents.Activities\Elsa.Integrations.Agents.Activities.csproj", "{328F9C5A-60BD-4996-9422-32637BB1A55B}"
EndProject
Project("{FAE04EC0-301F-11D3-BF4B-00C04F79EFBC}") = "Elsa.Integrations.Agents.Api", "src\Elsa.Integrations.Agents.Api\Elsa.Integrations.Agents.Api.csproj", "{2FB8910D-9310-4DA3-9151-80AA401134A8}"
EndProject
Project("{FAE04EC0-301F-11D3-BF4B-00C04F79EFBC}") = "Elsa.Integrations.Agents.Core", "src\Elsa.Integrations.Agents.Core\Elsa.Integrations.Agents.Core.csproj", "{293490F1-E0A1-4067-BDEB-E6CE09649749}"
EndProject
Project("{FAE04EC0-301F-11D3-BF4B-00C04F79EFBC}") = "Elsa.Integrations.Agents.Models", "src\Elsa.Integrations.Agents.Models\Elsa.Integrations.Agents.Models.csproj", "{4E6009CF-5525-4AD3-B898-205EC493FB15}"
EndProject
Project("{FAE04EC0-301F-11D3-BF4B-00C04F79EFBC}") = "Elsa.Integrations.Agents.Persistence", "src\Elsa.Integrations.Agents.Persistence\Elsa.Integrations.Agents.Persistence.csproj", "{863E1AD1-7C87-48B0-8274-A7FE0FC31C60}"
EndProject
Project("{FAE04EC0-301F-11D3-BF4B-00C04F79EFBC}") = "Elsa.Integrations.Agents.Persistence.EntityFrameworkCore", "src\Elsa.Integrations.Agents.Persistence.EntityFrameworkCore\Elsa.Integrations.Agents.Persistence.EntityFrameworkCore.csproj", "{E441ED7C-A9AF-4CC6-AA4D-02ECD38075CC}"
EndProject
Project("{FAE04EC0-301F-11D3-BF4B-00C04F79EFBC}") = "Elsa.Integrations.Agents.Persistence.EntityFrameworkCore.MySql", "src\Elsa.Integrations.Agents.Persistence.EntityFrameworkCore.MySql\Elsa.Integrations.Agents.Persistence.EntityFrameworkCore.MySql.csproj", "{0366AA72-4E2C-4416-A3C9-BB1964EAAB89}"
EndProject
Project("{FAE04EC0-301F-11D3-BF4B-00C04F79EFBC}") = "Elsa.Integrations.Agents.Persistence.EntityFrameworkCore.PostgreSql", "src\Elsa.Integrations.Agents.Persistence.EntityFrameworkCore.PostgreSql\Elsa.Integrations.Agents.Persistence.EntityFrameworkCore.PostgreSql.csproj", "{59AE52F2-8F9F-44A2-92E8-ED4EEB895F31}"
EndProject
Project("{FAE04EC0-301F-11D3-BF4B-00C04F79EFBC}") = "Elsa.Integrations.Agents.Persistence.EntityFrameworkCore.Sqlite", "src\Elsa.Integrations.Agents.Persistence.EntityFrameworkCore.Sqlite\Elsa.Integrations.Agents.Persistence.EntityFrameworkCore.Sqlite.csproj", "{4455BAC7-FD3C-4429-A2A2-44A83A331056}"
EndProject
Project("{FAE04EC0-301F-11D3-BF4B-00C04F79EFBC}") = "Elsa.Integrations.Agents.Persistence.EntityFrameworkCore.SqlServer", "src\Elsa.Integrations.Agents.Persistence.EntityFrameworkCore.SqlServer\Elsa.Integrations.Agents.Persistence.EntityFrameworkCore.SqlServer.csproj", "{4955F8F7-B4D2-4695-9C29-A2DC9DDCD8E2}"
EndProject
Project("{2150E333-8FDC-42A3-9474-1A3956D46DE8}") = "sql", "sql", "{02EA681E-C7D8-13C7-8484-4AC65E1B71E8}"
	ProjectSection(SolutionItems) = preProject
		src\sql\README.md = src\sql\README.md
	EndProjectSection
EndProject
Project("{FAE04EC0-301F-11D3-BF4B-00C04F79EFBC}") = "Elsa.Integrations.Sql", "src\sql\Elsa.Integrations.Sql\Elsa.Integrations.Sql.csproj", "{C28570E2-EE0E-CE53-CB56-7927CAB23E1E}"
EndProject
Project("{FAE04EC0-301F-11D3-BF4B-00C04F79EFBC}") = "Elsa.Integrations.Sql.MySql", "src\sql\Elsa.Integrations.Sql.MySql\Elsa.Integrations.Sql.MySql.csproj", "{9398D427-0A19-552F-AD3F-42F06A39DA8C}"
EndProject
Project("{FAE04EC0-301F-11D3-BF4B-00C04F79EFBC}") = "Elsa.Integrations.Sql.PostgreSql", "src\sql\Elsa.Integrations.Sql.PostgreSql\Elsa.Integrations.Sql.PostgreSql.csproj", "{BD398E79-90DF-510C-2419-C135CCF55C47}"
EndProject
Project("{FAE04EC0-301F-11D3-BF4B-00C04F79EFBC}") = "Elsa.Integrations.Sql.Sqlite", "src\sql\Elsa.Integrations.Sql.Sqlite\Elsa.Integrations.Sql.Sqlite.csproj", "{3ECB4951-DB9A-C129-F6BD-432AEAEA5997}"
EndProject
Project("{FAE04EC0-301F-11D3-BF4B-00C04F79EFBC}") = "Elsa.Integrations.Sql.SqlServer", "src\sql\Elsa.Integrations.Sql.SqlServer\Elsa.Integrations.Sql.SqlServer.csproj", "{80692FAE-701B-F877-198B-2B93A428B0C0}"
EndProject
Project("{2150E333-8FDC-42A3-9474-1A3956D46DE8}") = "slack", "slack", "{AD4F2AD8-ADFB-40A4-B39E-15EE3544587F}"
EndProject
Project("{FAE04EC0-301F-11D3-BF4B-00C04F79EFBC}") = "Elsa.Integrations.Slack", "src\slack\Elsa.Integrations.Slack\Elsa.Integrations.Slack.csproj", "{1B26082A-070B-4E1F-773F-9A7DD6170A98}"
EndProject
Project("{2150E333-8FDC-42A3-9474-1A3956D46DE8}") = "azure", "azure", "{45B793EC-7BFF-45C0-BD0E-2D1601C8D01E}"
EndProject
Project("{FAE04EC0-301F-11D3-BF4B-00C04F79EFBC}") = "Elsa.Integrations.AzureServiceBus", "src\azure\Elsa.Integrations.AzureServiceBus\Elsa.Integrations.AzureServiceBus.csproj", "{098825FF-A9AB-4888-E8B7-A796774C210B}"
EndProject
Project("{FAE04EC0-301F-11D3-BF4B-00C04F79EFBC}") = "Elsa.Integrations.AzureStorage", "src\azure\Elsa.Integrations.AzureStorage\Elsa.Integrations.AzureStorage.csproj", "{CA62F376-8144-19CD-65F4-E346C2E53F4C}"
EndProject
Project("{2150E333-8FDC-42A3-9474-1A3956D46DE8}") = "orchardcore", "orchardcore", "{AAD61D93-7C78-42C4-9F37-2564D127A668}"
EndProject
Project("{FAE04EC0-301F-11D3-BF4B-00C04F79EFBC}") = "Elsa.Integrations.OrchardCore", "src\orchardcore\Elsa.Integrations.OrchardCore\Elsa.Integrations.OrchardCore.csproj", "{C1929745-1160-E32A-FE78-AD09FDBA05B7}"
EndProject
Global
	GlobalSection(SolutionConfigurationPlatforms) = preSolution
		Debug|Any CPU = Debug|Any CPU
		Release|Any CPU = Release|Any CPU
	EndGlobalSection
	GlobalSection(ProjectConfigurationPlatforms) = postSolution
		{128B2FC3-81A7-4327-9665-9155B05F21DA}.Debug|Any CPU.ActiveCfg = Debug|Any CPU
		{128B2FC3-81A7-4327-9665-9155B05F21DA}.Debug|Any CPU.Build.0 = Debug|Any CPU
		{128B2FC3-81A7-4327-9665-9155B05F21DA}.Release|Any CPU.ActiveCfg = Release|Any CPU
		{128B2FC3-81A7-4327-9665-9155B05F21DA}.Release|Any CPU.Build.0 = Release|Any CPU
		{4D16DD17-0BC9-476D-9B38-0A8644DD92FE}.Debug|Any CPU.ActiveCfg = Debug|Any CPU
		{4D16DD17-0BC9-476D-9B38-0A8644DD92FE}.Debug|Any CPU.Build.0 = Debug|Any CPU
		{4D16DD17-0BC9-476D-9B38-0A8644DD92FE}.Release|Any CPU.ActiveCfg = Release|Any CPU
		{4D16DD17-0BC9-476D-9B38-0A8644DD92FE}.Release|Any CPU.Build.0 = Release|Any CPU
		{A1ADCCC2-01DD-41BA-8A81-FAAE96EC729D}.Debug|Any CPU.ActiveCfg = Debug|Any CPU
		{A1ADCCC2-01DD-41BA-8A81-FAAE96EC729D}.Debug|Any CPU.Build.0 = Debug|Any CPU
		{A1ADCCC2-01DD-41BA-8A81-FAAE96EC729D}.Release|Any CPU.ActiveCfg = Release|Any CPU
		{A1ADCCC2-01DD-41BA-8A81-FAAE96EC729D}.Release|Any CPU.Build.0 = Release|Any CPU
		{2175629F-FA99-4840-9F12-3FE7417706B9}.Debug|Any CPU.ActiveCfg = Debug|Any CPU
		{2175629F-FA99-4840-9F12-3FE7417706B9}.Debug|Any CPU.Build.0 = Debug|Any CPU
		{2175629F-FA99-4840-9F12-3FE7417706B9}.Release|Any CPU.ActiveCfg = Release|Any CPU
		{2175629F-FA99-4840-9F12-3FE7417706B9}.Release|Any CPU.Build.0 = Release|Any CPU
		{91D7599F-B4BC-4C2E-A346-56DDCD6F9FDC}.Debug|Any CPU.ActiveCfg = Debug|Any CPU
		{91D7599F-B4BC-4C2E-A346-56DDCD6F9FDC}.Debug|Any CPU.Build.0 = Debug|Any CPU
		{91D7599F-B4BC-4C2E-A346-56DDCD6F9FDC}.Release|Any CPU.ActiveCfg = Release|Any CPU
		{91D7599F-B4BC-4C2E-A346-56DDCD6F9FDC}.Release|Any CPU.Build.0 = Release|Any CPU
		{328F9C5A-60BD-4996-9422-32637BB1A55B}.Debug|Any CPU.ActiveCfg = Debug|Any CPU
		{328F9C5A-60BD-4996-9422-32637BB1A55B}.Debug|Any CPU.Build.0 = Debug|Any CPU
		{328F9C5A-60BD-4996-9422-32637BB1A55B}.Release|Any CPU.ActiveCfg = Release|Any CPU
		{328F9C5A-60BD-4996-9422-32637BB1A55B}.Release|Any CPU.Build.0 = Release|Any CPU
		{2FB8910D-9310-4DA3-9151-80AA401134A8}.Debug|Any CPU.ActiveCfg = Debug|Any CPU
		{2FB8910D-9310-4DA3-9151-80AA401134A8}.Debug|Any CPU.Build.0 = Debug|Any CPU
		{2FB8910D-9310-4DA3-9151-80AA401134A8}.Release|Any CPU.ActiveCfg = Release|Any CPU
		{2FB8910D-9310-4DA3-9151-80AA401134A8}.Release|Any CPU.Build.0 = Release|Any CPU
		{293490F1-E0A1-4067-BDEB-E6CE09649749}.Debug|Any CPU.ActiveCfg = Debug|Any CPU
		{293490F1-E0A1-4067-BDEB-E6CE09649749}.Debug|Any CPU.Build.0 = Debug|Any CPU
		{293490F1-E0A1-4067-BDEB-E6CE09649749}.Release|Any CPU.ActiveCfg = Release|Any CPU
		{293490F1-E0A1-4067-BDEB-E6CE09649749}.Release|Any CPU.Build.0 = Release|Any CPU
		{4E6009CF-5525-4AD3-B898-205EC493FB15}.Debug|Any CPU.ActiveCfg = Debug|Any CPU
		{4E6009CF-5525-4AD3-B898-205EC493FB15}.Debug|Any CPU.Build.0 = Debug|Any CPU
		{4E6009CF-5525-4AD3-B898-205EC493FB15}.Release|Any CPU.ActiveCfg = Release|Any CPU
		{4E6009CF-5525-4AD3-B898-205EC493FB15}.Release|Any CPU.Build.0 = Release|Any CPU
		{863E1AD1-7C87-48B0-8274-A7FE0FC31C60}.Debug|Any CPU.ActiveCfg = Debug|Any CPU
		{863E1AD1-7C87-48B0-8274-A7FE0FC31C60}.Debug|Any CPU.Build.0 = Debug|Any CPU
		{863E1AD1-7C87-48B0-8274-A7FE0FC31C60}.Release|Any CPU.ActiveCfg = Release|Any CPU
		{863E1AD1-7C87-48B0-8274-A7FE0FC31C60}.Release|Any CPU.Build.0 = Release|Any CPU
		{E441ED7C-A9AF-4CC6-AA4D-02ECD38075CC}.Debug|Any CPU.ActiveCfg = Debug|Any CPU
		{E441ED7C-A9AF-4CC6-AA4D-02ECD38075CC}.Debug|Any CPU.Build.0 = Debug|Any CPU
		{E441ED7C-A9AF-4CC6-AA4D-02ECD38075CC}.Release|Any CPU.ActiveCfg = Release|Any CPU
		{E441ED7C-A9AF-4CC6-AA4D-02ECD38075CC}.Release|Any CPU.Build.0 = Release|Any CPU
		{0366AA72-4E2C-4416-A3C9-BB1964EAAB89}.Debug|Any CPU.ActiveCfg = Debug|Any CPU
		{0366AA72-4E2C-4416-A3C9-BB1964EAAB89}.Debug|Any CPU.Build.0 = Debug|Any CPU
		{0366AA72-4E2C-4416-A3C9-BB1964EAAB89}.Release|Any CPU.ActiveCfg = Release|Any CPU
		{0366AA72-4E2C-4416-A3C9-BB1964EAAB89}.Release|Any CPU.Build.0 = Release|Any CPU
		{59AE52F2-8F9F-44A2-92E8-ED4EEB895F31}.Debug|Any CPU.ActiveCfg = Debug|Any CPU
		{59AE52F2-8F9F-44A2-92E8-ED4EEB895F31}.Debug|Any CPU.Build.0 = Debug|Any CPU
		{59AE52F2-8F9F-44A2-92E8-ED4EEB895F31}.Release|Any CPU.ActiveCfg = Release|Any CPU
		{59AE52F2-8F9F-44A2-92E8-ED4EEB895F31}.Release|Any CPU.Build.0 = Release|Any CPU
		{4455BAC7-FD3C-4429-A2A2-44A83A331056}.Debug|Any CPU.ActiveCfg = Debug|Any CPU
		{4455BAC7-FD3C-4429-A2A2-44A83A331056}.Debug|Any CPU.Build.0 = Debug|Any CPU
		{4455BAC7-FD3C-4429-A2A2-44A83A331056}.Release|Any CPU.ActiveCfg = Release|Any CPU
		{4455BAC7-FD3C-4429-A2A2-44A83A331056}.Release|Any CPU.Build.0 = Release|Any CPU
		{4955F8F7-B4D2-4695-9C29-A2DC9DDCD8E2}.Debug|Any CPU.ActiveCfg = Debug|Any CPU
		{4955F8F7-B4D2-4695-9C29-A2DC9DDCD8E2}.Debug|Any CPU.Build.0 = Debug|Any CPU
		{4955F8F7-B4D2-4695-9C29-A2DC9DDCD8E2}.Release|Any CPU.ActiveCfg = Release|Any CPU
		{4955F8F7-B4D2-4695-9C29-A2DC9DDCD8E2}.Release|Any CPU.Build.0 = Release|Any CPU
		{C28570E2-EE0E-CE53-CB56-7927CAB23E1E}.Debug|Any CPU.ActiveCfg = Debug|Any CPU
		{C28570E2-EE0E-CE53-CB56-7927CAB23E1E}.Debug|Any CPU.Build.0 = Debug|Any CPU
		{C28570E2-EE0E-CE53-CB56-7927CAB23E1E}.Release|Any CPU.ActiveCfg = Release|Any CPU
		{C28570E2-EE0E-CE53-CB56-7927CAB23E1E}.Release|Any CPU.Build.0 = Release|Any CPU
		{9398D427-0A19-552F-AD3F-42F06A39DA8C}.Debug|Any CPU.ActiveCfg = Debug|Any CPU
		{9398D427-0A19-552F-AD3F-42F06A39DA8C}.Debug|Any CPU.Build.0 = Debug|Any CPU
		{9398D427-0A19-552F-AD3F-42F06A39DA8C}.Release|Any CPU.ActiveCfg = Release|Any CPU
		{9398D427-0A19-552F-AD3F-42F06A39DA8C}.Release|Any CPU.Build.0 = Release|Any CPU
		{BD398E79-90DF-510C-2419-C135CCF55C47}.Debug|Any CPU.ActiveCfg = Debug|Any CPU
		{BD398E79-90DF-510C-2419-C135CCF55C47}.Debug|Any CPU.Build.0 = Debug|Any CPU
		{BD398E79-90DF-510C-2419-C135CCF55C47}.Release|Any CPU.ActiveCfg = Release|Any CPU
		{BD398E79-90DF-510C-2419-C135CCF55C47}.Release|Any CPU.Build.0 = Release|Any CPU
		{3ECB4951-DB9A-C129-F6BD-432AEAEA5997}.Debug|Any CPU.ActiveCfg = Debug|Any CPU
		{3ECB4951-DB9A-C129-F6BD-432AEAEA5997}.Debug|Any CPU.Build.0 = Debug|Any CPU
		{3ECB4951-DB9A-C129-F6BD-432AEAEA5997}.Release|Any CPU.ActiveCfg = Release|Any CPU
		{3ECB4951-DB9A-C129-F6BD-432AEAEA5997}.Release|Any CPU.Build.0 = Release|Any CPU
		{80692FAE-701B-F877-198B-2B93A428B0C0}.Debug|Any CPU.ActiveCfg = Debug|Any CPU
		{80692FAE-701B-F877-198B-2B93A428B0C0}.Debug|Any CPU.Build.0 = Debug|Any CPU
		{80692FAE-701B-F877-198B-2B93A428B0C0}.Release|Any CPU.ActiveCfg = Release|Any CPU
		{80692FAE-701B-F877-198B-2B93A428B0C0}.Release|Any CPU.Build.0 = Release|Any CPU
		{1B26082A-070B-4E1F-773F-9A7DD6170A98}.Debug|Any CPU.ActiveCfg = Debug|Any CPU
		{1B26082A-070B-4E1F-773F-9A7DD6170A98}.Debug|Any CPU.Build.0 = Debug|Any CPU
		{1B26082A-070B-4E1F-773F-9A7DD6170A98}.Release|Any CPU.ActiveCfg = Release|Any CPU
		{1B26082A-070B-4E1F-773F-9A7DD6170A98}.Release|Any CPU.Build.0 = Release|Any CPU
		{098825FF-A9AB-4888-E8B7-A796774C210B}.Debug|Any CPU.ActiveCfg = Debug|Any CPU
		{098825FF-A9AB-4888-E8B7-A796774C210B}.Debug|Any CPU.Build.0 = Debug|Any CPU
		{098825FF-A9AB-4888-E8B7-A796774C210B}.Release|Any CPU.ActiveCfg = Release|Any CPU
		{098825FF-A9AB-4888-E8B7-A796774C210B}.Release|Any CPU.Build.0 = Release|Any CPU
		{CA62F376-8144-19CD-65F4-E346C2E53F4C}.Debug|Any CPU.ActiveCfg = Debug|Any CPU
		{CA62F376-8144-19CD-65F4-E346C2E53F4C}.Debug|Any CPU.Build.0 = Debug|Any CPU
		{CA62F376-8144-19CD-65F4-E346C2E53F4C}.Release|Any CPU.ActiveCfg = Release|Any CPU
		{CA62F376-8144-19CD-65F4-E346C2E53F4C}.Release|Any CPU.Build.0 = Release|Any CPU
		{C1929745-1160-E32A-FE78-AD09FDBA05B7}.Debug|Any CPU.ActiveCfg = Debug|Any CPU
		{C1929745-1160-E32A-FE78-AD09FDBA05B7}.Debug|Any CPU.Build.0 = Debug|Any CPU
		{C1929745-1160-E32A-FE78-AD09FDBA05B7}.Release|Any CPU.ActiveCfg = Release|Any CPU
		{C1929745-1160-E32A-FE78-AD09FDBA05B7}.Release|Any CPU.Build.0 = Release|Any CPU
	EndGlobalSection
	GlobalSection(SolutionProperties) = preSolution
		HideSolutionNode = FALSE
	EndGlobalSection
	GlobalSection(NestedProjects) = preSolution
		{128B2FC3-81A7-4327-9665-9155B05F21DA} = {527248D6-B851-4C8D-8667-E2FB0A91DABF}
		{3948BAF0-023F-4B43-8E77-56C3B00C6EFD} = {D0212324-351E-4CA6-95EE-27754B5367CC}
		{AF041BAE-B45A-428B-B7F5-921CCB895558} = {A99FA26E-2098-403A-BD04-6BBCFBE3AC7D}
		{60461F37-79E1-4EBB-8742-9F6578C6A745} = {A99FA26E-2098-403A-BD04-6BBCFBE3AC7D}
		{A1ADCCC2-01DD-41BA-8A81-FAAE96EC729D} = {AF041BAE-B45A-428B-B7F5-921CCB895558}
		{2175629F-FA99-4840-9F12-3FE7417706B9} = {60461F37-79E1-4EBB-8742-9F6578C6A745}
		{91D7599F-B4BC-4C2E-A346-56DDCD6F9FDC} = {60461F37-79E1-4EBB-8742-9F6578C6A745}
		{328F9C5A-60BD-4996-9422-32637BB1A55B} = {527248D6-B851-4C8D-8667-E2FB0A91DABF}
		{2FB8910D-9310-4DA3-9151-80AA401134A8} = {527248D6-B851-4C8D-8667-E2FB0A91DABF}
		{293490F1-E0A1-4067-BDEB-E6CE09649749} = {527248D6-B851-4C8D-8667-E2FB0A91DABF}
		{4E6009CF-5525-4AD3-B898-205EC493FB15} = {527248D6-B851-4C8D-8667-E2FB0A91DABF}
		{863E1AD1-7C87-48B0-8274-A7FE0FC31C60} = {527248D6-B851-4C8D-8667-E2FB0A91DABF}
		{E441ED7C-A9AF-4CC6-AA4D-02ECD38075CC} = {527248D6-B851-4C8D-8667-E2FB0A91DABF}
		{0366AA72-4E2C-4416-A3C9-BB1964EAAB89} = {527248D6-B851-4C8D-8667-E2FB0A91DABF}
		{59AE52F2-8F9F-44A2-92E8-ED4EEB895F31} = {527248D6-B851-4C8D-8667-E2FB0A91DABF}
		{4455BAC7-FD3C-4429-A2A2-44A83A331056} = {527248D6-B851-4C8D-8667-E2FB0A91DABF}
		{4955F8F7-B4D2-4695-9C29-A2DC9DDCD8E2} = {527248D6-B851-4C8D-8667-E2FB0A91DABF}
		{02EA681E-C7D8-13C7-8484-4AC65E1B71E8} = {527248D6-B851-4C8D-8667-E2FB0A91DABF}
		{C28570E2-EE0E-CE53-CB56-7927CAB23E1E} = {02EA681E-C7D8-13C7-8484-4AC65E1B71E8}
		{9398D427-0A19-552F-AD3F-42F06A39DA8C} = {02EA681E-C7D8-13C7-8484-4AC65E1B71E8}
		{BD398E79-90DF-510C-2419-C135CCF55C47} = {02EA681E-C7D8-13C7-8484-4AC65E1B71E8}
		{3ECB4951-DB9A-C129-F6BD-432AEAEA5997} = {02EA681E-C7D8-13C7-8484-4AC65E1B71E8}
		{80692FAE-701B-F877-198B-2B93A428B0C0} = {02EA681E-C7D8-13C7-8484-4AC65E1B71E8}
		{AD4F2AD8-ADFB-40A4-B39E-15EE3544587F} = {527248D6-B851-4C8D-8667-E2FB0A91DABF}
		{1B26082A-070B-4E1F-773F-9A7DD6170A98} = {AD4F2AD8-ADFB-40A4-B39E-15EE3544587F}
		{45B793EC-7BFF-45C0-BD0E-2D1601C8D01E} = {527248D6-B851-4C8D-8667-E2FB0A91DABF}
		{098825FF-A9AB-4888-E8B7-A796774C210B} = {45B793EC-7BFF-45C0-BD0E-2D1601C8D01E}
		{CA62F376-8144-19CD-65F4-E346C2E53F4C} = {45B793EC-7BFF-45C0-BD0E-2D1601C8D01E}
		{AAD61D93-7C78-42C4-9F37-2564D127A668} = {527248D6-B851-4C8D-8667-E2FB0A91DABF}
		{C1929745-1160-E32A-FE78-AD09FDBA05B7} = {AAD61D93-7C78-42C4-9F37-2564D127A668}
	EndGlobalSection
	GlobalSection(ExtensibilityGlobals) = postSolution
		SolutionGuid = {11A771DA-B728-445E-8A88-AE1C84C3B3A6}
	EndGlobalSection
EndGlobal
