
Microsoft Visual Studio Solution File, Format Version 12.00
# Visual Studio Version 17
VisualStudioVersion = 17.12.35527.113
MinimumVisualStudioVersion = 10.0.40219.1
Project("{2150E333-8FDC-42A3-9474-1A3956D46DE8}") = "src", "src", "{527248D6-B851-4C8D-8667-E2FB0A91DABF}"
	ProjectSection(SolutionItems) = preProject
		src\Directory.Build.props = src\Directory.Build.props
	EndProjectSection
EndProject
Project("{2150E333-8FDC-42A3-9474-1A3956D46DE8}") = "solution", "solution", "{DE39E491-5DDC-40F4-91D5-7F5FAF0E1884}"
	ProjectSection(SolutionItems) = preProject
		.gitignore = .gitignore
		CONTRIBUTING.md = CONTRIBUTING.md
		Directory.Build.props = Directory.Build.props
		Directory.Packages.props = Directory.Packages.props
		icon.png = icon.png
		LICENSE = LICENSE
		NuGet.Config = NuGet.Config
		README-TEMPLATE.md = README-TEMPLATE.md
		README.md = README.md
	EndProjectSection
EndProject
Project("{2150E333-8FDC-42A3-9474-1A3956D46DE8}") = "test", "test", "{A99FA26E-2098-403A-BD04-6BBCFBE3AC7D}"
	ProjectSection(SolutionItems) = preProject
		test\Directory.Build.props = test\Directory.Build.props
	EndProjectSection
EndProject
Project("{2150E333-8FDC-42A3-9474-1A3956D46DE8}") = "github", "github", "{D0212324-351E-4CA6-95EE-27754B5367CC}"
EndProject
Project("{2150E333-8FDC-42A3-9474-1A3956D46DE8}") = "workflows", "workflows", "{3948BAF0-023F-4B43-8E77-56C3B00C6EFD}"
	ProjectSection(SolutionItems) = preProject
		.github\workflows\packages.yml = .github\workflows\packages.yml
	EndProjectSection
EndProject
Project("{FAE04EC0-301F-11D3-BF4B-00C04F79EFBC}") = "_build", "build\_build.csproj", "{4D16DD17-0BC9-476D-9B38-0A8644DD92FE}"
EndProject
Project("{2150E333-8FDC-42A3-9474-1A3956D46DE8}") = "unit", "unit", "{AF041BAE-B45A-428B-B7F5-921CCB895558}"
EndProject
Project("{2150E333-8FDC-42A3-9474-1A3956D46DE8}") = "component", "component", "{60461F37-79E1-4EBB-8742-9F6578C6A745}"
	ProjectSection(SolutionItems) = preProject
		test\component\Directory.Build.props = test\component\Directory.Build.props
	EndProjectSection
EndProject
Project("{FAE04EC0-301F-11D3-BF4B-00C04F79EFBC}") = "Elsa.TestServer.Web", "test\component\Elsa.TestServer.Web\Elsa.TestServer.Web.csproj", "{91D7599F-B4BC-4C2E-A346-56DDCD6F9FDC}"
EndProject
Project("{2150E333-8FDC-42A3-9474-1A3956D46DE8}") = "sql", "sql", "{02EA681E-C7D8-13C7-8484-4AC65E1B71E8}"
	ProjectSection(SolutionItems) = preProject
		src\sql\README.md = src\sql\README.md
	EndProjectSection
EndProject
Project("{2150E333-8FDC-42A3-9474-1A3956D46DE8}") = "storage", "storage", "{45B793EC-7BFF-45C0-BD0E-2D1601C8D01E}"
EndProject
Project("{2150E333-8FDC-42A3-9474-1A3956D46DE8}") = "orchardcore", "orchardcore", "{AAD61D93-7C78-42C4-9F37-2564D127A668}"
EndProject
Project("{2150E333-8FDC-42A3-9474-1A3956D46DE8}") = "agents", "agents", "{5220DB25-20E9-4D07-801C-A970E71FB21C}"
EndProject
Project("{FAE04EC0-301F-11D3-BF4B-00C04F79EFBC}") = "Elsa.Integrations.Agents.Activities", "src\agents\Elsa.Integrations.Agents.Activities\Elsa.Integrations.Agents.Activities.csproj", "{1C8B3D55-FF90-FCA1-6528-93E3E5BC88FF}"
EndProject
Project("{FAE04EC0-301F-11D3-BF4B-00C04F79EFBC}") = "Elsa.Integrations.Agents.Api", "src\agents\Elsa.Integrations.Agents.Api\Elsa.Integrations.Agents.Api.csproj", "{803E4C85-C898-7F96-0C9B-3B1738F450C9}"
EndProject
Project("{FAE04EC0-301F-11D3-BF4B-00C04F79EFBC}") = "Elsa.Integrations.Agents.Core", "src\agents\Elsa.Integrations.Agents.Core\Elsa.Integrations.Agents.Core.csproj", "{5B09EF59-5F6B-885A-126A-3D1BCFDC65E8}"
EndProject
Project("{FAE04EC0-301F-11D3-BF4B-00C04F79EFBC}") = "Elsa.Integrations.Agents.Models", "src\agents\Elsa.Integrations.Agents.Models\Elsa.Integrations.Agents.Models.csproj", "{5EFF79C1-CAC8-72E6-B97E-0A0327293389}"
EndProject
Project("{FAE04EC0-301F-11D3-BF4B-00C04F79EFBC}") = "Elsa.Integrations.Agents.Persistence", "src\agents\Elsa.Integrations.Agents.Persistence\Elsa.Integrations.Agents.Persistence.csproj", "{2F068118-E972-CBCB-1D84-8B1B8AB779CD}"
EndProject
Project("{2150E333-8FDC-42A3-9474-1A3956D46DE8}") = "slack", "slack", "{897A92CE-3B9D-43DA-BBDE-085A6AA0BF33}"
EndProject
Project("{2150E333-8FDC-42A3-9474-1A3956D46DE8}") = "telnyx", "telnyx", "{44E2676B-6F07-44F1-9FAB-4A961A1ECEDE}"
EndProject
Project("{FAE04EC0-301F-11D3-BF4B-00C04F79EFBC}") = "Elsa.Integrations.Agents.Persistence.EFCore", "src\agents\Elsa.Integrations.Agents.Persistence.EFCore\Elsa.Integrations.Agents.Persistence.EFCore.csproj", "{CEA60FE9-5CFD-24E1-9BCC-E1289E8C4B1A}"
EndProject
Project("{FAE04EC0-301F-11D3-BF4B-00C04F79EFBC}") = "Elsa.Integrations.Agents.Persistence.EFCore.MySql", "src\agents\Elsa.Integrations.Agents.Persistence.EFCore.MySql\Elsa.Integrations.Agents.Persistence.EFCore.MySql.csproj", "{2B82D0C6-FCC1-D99D-F00F-EC624A693E2C}"
EndProject
Project("{FAE04EC0-301F-11D3-BF4B-00C04F79EFBC}") = "Elsa.Integrations.Agents.Persistence.EFCore.PostgreSql", "src\agents\Elsa.Integrations.Agents.Persistence.EFCore.PostgreSql\Elsa.Integrations.Agents.Persistence.EFCore.PostgreSql.csproj", "{AC88CF06-ECEB-D5A7-2512-4DFDF1475D4D}"
EndProject
Project("{FAE04EC0-301F-11D3-BF4B-00C04F79EFBC}") = "Elsa.Integrations.Agents.Persistence.EFCore.Sqlite", "src\agents\Elsa.Integrations.Agents.Persistence.EFCore.Sqlite\Elsa.Integrations.Agents.Persistence.EFCore.Sqlite.csproj", "{22DFEDFA-5D9E-EF0F-D8C6-0288F6F645A8}"
EndProject
Project("{FAE04EC0-301F-11D3-BF4B-00C04F79EFBC}") = "Elsa.Integrations.Agents.Persistence.EFCore.SqlServer", "src\agents\Elsa.Integrations.Agents.Persistence.EFCore.SqlServer\Elsa.Integrations.Agents.Persistence.EFCore.SqlServer.csproj", "{FF2A0A1F-DD7E-7CB1-A8F4-2F1044FE2D50}"
EndProject
Project("{FAE04EC0-301F-11D3-BF4B-00C04F79EFBC}") = "Elsa.Studio.Integrations.Agents", "src\agents\Elsa.Studio.Integrations.Agents\Elsa.Studio.Integrations.Agents.csproj", "{F7D8AF26-99DE-FF9F-9536-05249DDCE320}"
EndProject
Project("{FAE04EC0-301F-11D3-BF4B-00C04F79EFBC}") = "Elsa.Sql", "src\sql\Elsa.Sql\Elsa.Sql.csproj", "{4B5DB45A-2716-1FDE-8EC7-1AC75FFA30F2}"
EndProject
Project("{FAE04EC0-301F-11D3-BF4B-00C04F79EFBC}") = "Elsa.Sql.MySql", "src\sql\Elsa.Sql.MySql\Elsa.Sql.MySql.csproj", "{78CBE43C-0EF2-048E-987B-A603A38099E6}"
EndProject
Project("{FAE04EC0-301F-11D3-BF4B-00C04F79EFBC}") = "Elsa.Sql.PostgreSql", "src\sql\Elsa.Sql.PostgreSql\Elsa.Sql.PostgreSql.csproj", "{AA90183E-F009-F88A-9081-BAB6E5ED6B22}"
EndProject
Project("{FAE04EC0-301F-11D3-BF4B-00C04F79EFBC}") = "Elsa.Sql.Sqlite", "src\sql\Elsa.Sql.Sqlite\Elsa.Sql.Sqlite.csproj", "{266D14A8-4D8F-795F-169F-A7E7B4F23D1E}"
EndProject
Project("{FAE04EC0-301F-11D3-BF4B-00C04F79EFBC}") = "Elsa.Sql.SqlServer", "src\sql\Elsa.Sql.SqlServer\Elsa.Sql.SqlServer.csproj", "{3E782B62-87D8-F5FD-CA2D-0D524C5BB530}"
EndProject
Project("{FAE04EC0-301F-11D3-BF4B-00C04F79EFBC}") = "Elsa.Telnyx", "src\telnyx\Elsa.Telnyx\Elsa.Telnyx.csproj", "{F0DCEDDD-4565-B790-7175-94EAE5593CF6}"
EndProject
Project("{FAE04EC0-301F-11D3-BF4B-00C04F79EFBC}") = "Elsa.Slack", "src\slack\Elsa.Slack\Elsa.Slack.csproj", "{F772399E-3E59-4CCD-38F3-36D8B6DB619F}"
EndProject
Project("{FAE04EC0-301F-11D3-BF4B-00C04F79EFBC}") = "Elsa.Slack.Tests", "test\unit\Elsa.Slack.Tests\Elsa.Slack.Tests.csproj", "{04D19A18-4B5C-4D12-A677-5E7183D9D84F}"
EndProject
Project("{FAE04EC0-301F-11D3-BF4B-00C04F79EFBC}") = "Elsa.OrchardCore", "src\orchardcore\Elsa.OrchardCore\Elsa.OrchardCore.csproj", "{15F6D43F-75F5-1938-541A-DDEBCBC97D91}"
EndProject
Project("{2150E333-8FDC-42A3-9474-1A3956D46DE8}") = "servicebus", "servicebus", "{2BF08754-1FB0-405D-9F0C-1BEFF9084E6E}"
EndProject
Project("{FAE04EC0-301F-11D3-BF4B-00C04F79EFBC}") = "Elsa.ServiceBus.AzureServiceBus", "src\servicebus\Elsa.ServiceBus.AzureServiceBus\Elsa.ServiceBus.AzureServiceBus.csproj", "{6B6CC05A-1C2D-C567-3D0B-C5E87A042EEB}"
EndProject
Project("{FAE04EC0-301F-11D3-BF4B-00C04F79EFBC}") = "Elsa.ServiceBus.AzureServiceBus.ComponentTests", "test\component\Elsa.ServiceBus.AzureServiceBus.ComponentTests\Elsa.ServiceBus.AzureServiceBus.ComponentTests.csproj", "{65E55A06-57A5-0F87-7939-132AE56C149E}"
EndProject
Project("{FAE04EC0-301F-11D3-BF4B-00C04F79EFBC}") = "Elsa.AzureStorage", "src\storage\Elsa.AzureStorage\Elsa.AzureStorage.csproj", "{8B781149-24C7-E6C9-83D6-AE2DEE2CDADE}"
EndProject
Global
	GlobalSection(SolutionConfigurationPlatforms) = preSolution
		Debug|Any CPU = Debug|Any CPU
		Release|Any CPU = Release|Any CPU
	EndGlobalSection
	GlobalSection(ProjectConfigurationPlatforms) = postSolution
		{4D16DD17-0BC9-476D-9B38-0A8644DD92FE}.Debug|Any CPU.ActiveCfg = Debug|Any CPU
		{4D16DD17-0BC9-476D-9B38-0A8644DD92FE}.Debug|Any CPU.Build.0 = Debug|Any CPU
		{4D16DD17-0BC9-476D-9B38-0A8644DD92FE}.Release|Any CPU.ActiveCfg = Release|Any CPU
		{4D16DD17-0BC9-476D-9B38-0A8644DD92FE}.Release|Any CPU.Build.0 = Release|Any CPU
		{91D7599F-B4BC-4C2E-A346-56DDCD6F9FDC}.Debug|Any CPU.ActiveCfg = Debug|Any CPU
		{91D7599F-B4BC-4C2E-A346-56DDCD6F9FDC}.Debug|Any CPU.Build.0 = Debug|Any CPU
		{91D7599F-B4BC-4C2E-A346-56DDCD6F9FDC}.Release|Any CPU.ActiveCfg = Release|Any CPU
		{91D7599F-B4BC-4C2E-A346-56DDCD6F9FDC}.Release|Any CPU.Build.0 = Release|Any CPU
		{1C8B3D55-FF90-FCA1-6528-93E3E5BC88FF}.Debug|Any CPU.ActiveCfg = Debug|Any CPU
		{1C8B3D55-FF90-FCA1-6528-93E3E5BC88FF}.Debug|Any CPU.Build.0 = Debug|Any CPU
		{1C8B3D55-FF90-FCA1-6528-93E3E5BC88FF}.Release|Any CPU.ActiveCfg = Release|Any CPU
		{1C8B3D55-FF90-FCA1-6528-93E3E5BC88FF}.Release|Any CPU.Build.0 = Release|Any CPU
		{803E4C85-C898-7F96-0C9B-3B1738F450C9}.Debug|Any CPU.ActiveCfg = Debug|Any CPU
		{803E4C85-C898-7F96-0C9B-3B1738F450C9}.Debug|Any CPU.Build.0 = Debug|Any CPU
		{803E4C85-C898-7F96-0C9B-3B1738F450C9}.Release|Any CPU.ActiveCfg = Release|Any CPU
		{803E4C85-C898-7F96-0C9B-3B1738F450C9}.Release|Any CPU.Build.0 = Release|Any CPU
		{5B09EF59-5F6B-885A-126A-3D1BCFDC65E8}.Debug|Any CPU.ActiveCfg = Debug|Any CPU
		{5B09EF59-5F6B-885A-126A-3D1BCFDC65E8}.Debug|Any CPU.Build.0 = Debug|Any CPU
		{5B09EF59-5F6B-885A-126A-3D1BCFDC65E8}.Release|Any CPU.ActiveCfg = Release|Any CPU
		{5B09EF59-5F6B-885A-126A-3D1BCFDC65E8}.Release|Any CPU.Build.0 = Release|Any CPU
		{5EFF79C1-CAC8-72E6-B97E-0A0327293389}.Debug|Any CPU.ActiveCfg = Debug|Any CPU
		{5EFF79C1-CAC8-72E6-B97E-0A0327293389}.Debug|Any CPU.Build.0 = Debug|Any CPU
		{5EFF79C1-CAC8-72E6-B97E-0A0327293389}.Release|Any CPU.ActiveCfg = Release|Any CPU
		{5EFF79C1-CAC8-72E6-B97E-0A0327293389}.Release|Any CPU.Build.0 = Release|Any CPU
		{2F068118-E972-CBCB-1D84-8B1B8AB779CD}.Debug|Any CPU.ActiveCfg = Debug|Any CPU
		{2F068118-E972-CBCB-1D84-8B1B8AB779CD}.Debug|Any CPU.Build.0 = Debug|Any CPU
		{2F068118-E972-CBCB-1D84-8B1B8AB779CD}.Release|Any CPU.ActiveCfg = Release|Any CPU
		{2F068118-E972-CBCB-1D84-8B1B8AB779CD}.Release|Any CPU.Build.0 = Release|Any CPU
		{CEA60FE9-5CFD-24E1-9BCC-E1289E8C4B1A}.Debug|Any CPU.ActiveCfg = Debug|Any CPU
		{CEA60FE9-5CFD-24E1-9BCC-E1289E8C4B1A}.Debug|Any CPU.Build.0 = Debug|Any CPU
		{CEA60FE9-5CFD-24E1-9BCC-E1289E8C4B1A}.Release|Any CPU.ActiveCfg = Release|Any CPU
		{CEA60FE9-5CFD-24E1-9BCC-E1289E8C4B1A}.Release|Any CPU.Build.0 = Release|Any CPU
		{2B82D0C6-FCC1-D99D-F00F-EC624A693E2C}.Debug|Any CPU.ActiveCfg = Debug|Any CPU
		{2B82D0C6-FCC1-D99D-F00F-EC624A693E2C}.Debug|Any CPU.Build.0 = Debug|Any CPU
		{2B82D0C6-FCC1-D99D-F00F-EC624A693E2C}.Release|Any CPU.ActiveCfg = Release|Any CPU
		{2B82D0C6-FCC1-D99D-F00F-EC624A693E2C}.Release|Any CPU.Build.0 = Release|Any CPU
		{AC88CF06-ECEB-D5A7-2512-4DFDF1475D4D}.Debug|Any CPU.ActiveCfg = Debug|Any CPU
		{AC88CF06-ECEB-D5A7-2512-4DFDF1475D4D}.Debug|Any CPU.Build.0 = Debug|Any CPU
		{AC88CF06-ECEB-D5A7-2512-4DFDF1475D4D}.Release|Any CPU.ActiveCfg = Release|Any CPU
		{AC88CF06-ECEB-D5A7-2512-4DFDF1475D4D}.Release|Any CPU.Build.0 = Release|Any CPU
		{22DFEDFA-5D9E-EF0F-D8C6-0288F6F645A8}.Debug|Any CPU.ActiveCfg = Debug|Any CPU
		{22DFEDFA-5D9E-EF0F-D8C6-0288F6F645A8}.Debug|Any CPU.Build.0 = Debug|Any CPU
		{22DFEDFA-5D9E-EF0F-D8C6-0288F6F645A8}.Release|Any CPU.ActiveCfg = Release|Any CPU
		{22DFEDFA-5D9E-EF0F-D8C6-0288F6F645A8}.Release|Any CPU.Build.0 = Release|Any CPU
		{FF2A0A1F-DD7E-7CB1-A8F4-2F1044FE2D50}.Debug|Any CPU.ActiveCfg = Debug|Any CPU
		{FF2A0A1F-DD7E-7CB1-A8F4-2F1044FE2D50}.Debug|Any CPU.Build.0 = Debug|Any CPU
		{FF2A0A1F-DD7E-7CB1-A8F4-2F1044FE2D50}.Release|Any CPU.ActiveCfg = Release|Any CPU
		{FF2A0A1F-DD7E-7CB1-A8F4-2F1044FE2D50}.Release|Any CPU.Build.0 = Release|Any CPU
		{F7D8AF26-99DE-FF9F-9536-05249DDCE320}.Debug|Any CPU.ActiveCfg = Debug|Any CPU
		{F7D8AF26-99DE-FF9F-9536-05249DDCE320}.Debug|Any CPU.Build.0 = Debug|Any CPU
		{F7D8AF26-99DE-FF9F-9536-05249DDCE320}.Release|Any CPU.ActiveCfg = Release|Any CPU
		{F7D8AF26-99DE-FF9F-9536-05249DDCE320}.Release|Any CPU.Build.0 = Release|Any CPU
		{4B5DB45A-2716-1FDE-8EC7-1AC75FFA30F2}.Debug|Any CPU.ActiveCfg = Debug|Any CPU
		{4B5DB45A-2716-1FDE-8EC7-1AC75FFA30F2}.Debug|Any CPU.Build.0 = Debug|Any CPU
		{4B5DB45A-2716-1FDE-8EC7-1AC75FFA30F2}.Release|Any CPU.ActiveCfg = Release|Any CPU
		{4B5DB45A-2716-1FDE-8EC7-1AC75FFA30F2}.Release|Any CPU.Build.0 = Release|Any CPU
		{78CBE43C-0EF2-048E-987B-A603A38099E6}.Debug|Any CPU.ActiveCfg = Debug|Any CPU
		{78CBE43C-0EF2-048E-987B-A603A38099E6}.Debug|Any CPU.Build.0 = Debug|Any CPU
		{78CBE43C-0EF2-048E-987B-A603A38099E6}.Release|Any CPU.ActiveCfg = Release|Any CPU
		{78CBE43C-0EF2-048E-987B-A603A38099E6}.Release|Any CPU.Build.0 = Release|Any CPU
		{AA90183E-F009-F88A-9081-BAB6E5ED6B22}.Debug|Any CPU.ActiveCfg = Debug|Any CPU
		{AA90183E-F009-F88A-9081-BAB6E5ED6B22}.Debug|Any CPU.Build.0 = Debug|Any CPU
		{AA90183E-F009-F88A-9081-BAB6E5ED6B22}.Release|Any CPU.ActiveCfg = Release|Any CPU
		{AA90183E-F009-F88A-9081-BAB6E5ED6B22}.Release|Any CPU.Build.0 = Release|Any CPU
		{266D14A8-4D8F-795F-169F-A7E7B4F23D1E}.Debug|Any CPU.ActiveCfg = Debug|Any CPU
		{266D14A8-4D8F-795F-169F-A7E7B4F23D1E}.Debug|Any CPU.Build.0 = Debug|Any CPU
		{266D14A8-4D8F-795F-169F-A7E7B4F23D1E}.Release|Any CPU.ActiveCfg = Release|Any CPU
		{266D14A8-4D8F-795F-169F-A7E7B4F23D1E}.Release|Any CPU.Build.0 = Release|Any CPU
		{3E782B62-87D8-F5FD-CA2D-0D524C5BB530}.Debug|Any CPU.ActiveCfg = Debug|Any CPU
		{3E782B62-87D8-F5FD-CA2D-0D524C5BB530}.Debug|Any CPU.Build.0 = Debug|Any CPU
		{3E782B62-87D8-F5FD-CA2D-0D524C5BB530}.Release|Any CPU.ActiveCfg = Release|Any CPU
		{3E782B62-87D8-F5FD-CA2D-0D524C5BB530}.Release|Any CPU.Build.0 = Release|Any CPU
		{F0DCEDDD-4565-B790-7175-94EAE5593CF6}.Debug|Any CPU.ActiveCfg = Debug|Any CPU
		{F0DCEDDD-4565-B790-7175-94EAE5593CF6}.Debug|Any CPU.Build.0 = Debug|Any CPU
		{F0DCEDDD-4565-B790-7175-94EAE5593CF6}.Release|Any CPU.ActiveCfg = Release|Any CPU
		{F0DCEDDD-4565-B790-7175-94EAE5593CF6}.Release|Any CPU.Build.0 = Release|Any CPU
		{F772399E-3E59-4CCD-38F3-36D8B6DB619F}.Debug|Any CPU.ActiveCfg = Debug|Any CPU
		{F772399E-3E59-4CCD-38F3-36D8B6DB619F}.Debug|Any CPU.Build.0 = Debug|Any CPU
		{F772399E-3E59-4CCD-38F3-36D8B6DB619F}.Release|Any CPU.ActiveCfg = Release|Any CPU
		{F772399E-3E59-4CCD-38F3-36D8B6DB619F}.Release|Any CPU.Build.0 = Release|Any CPU
		{04D19A18-4B5C-4D12-A677-5E7183D9D84F}.Debug|Any CPU.ActiveCfg = Debug|Any CPU
		{04D19A18-4B5C-4D12-A677-5E7183D9D84F}.Debug|Any CPU.Build.0 = Debug|Any CPU
		{04D19A18-4B5C-4D12-A677-5E7183D9D84F}.Release|Any CPU.ActiveCfg = Release|Any CPU
		{04D19A18-4B5C-4D12-A677-5E7183D9D84F}.Release|Any CPU.Build.0 = Release|Any CPU
		{15F6D43F-75F5-1938-541A-DDEBCBC97D91}.Debug|Any CPU.ActiveCfg = Debug|Any CPU
		{15F6D43F-75F5-1938-541A-DDEBCBC97D91}.Debug|Any CPU.Build.0 = Debug|Any CPU
		{15F6D43F-75F5-1938-541A-DDEBCBC97D91}.Release|Any CPU.ActiveCfg = Release|Any CPU
		{15F6D43F-75F5-1938-541A-DDEBCBC97D91}.Release|Any CPU.Build.0 = Release|Any CPU
		{6B6CC05A-1C2D-C567-3D0B-C5E87A042EEB}.Debug|Any CPU.ActiveCfg = Debug|Any CPU
		{6B6CC05A-1C2D-C567-3D0B-C5E87A042EEB}.Debug|Any CPU.Build.0 = Debug|Any CPU
		{6B6CC05A-1C2D-C567-3D0B-C5E87A042EEB}.Release|Any CPU.ActiveCfg = Release|Any CPU
		{6B6CC05A-1C2D-C567-3D0B-C5E87A042EEB}.Release|Any CPU.Build.0 = Release|Any CPU
		{65E55A06-57A5-0F87-7939-132AE56C149E}.Debug|Any CPU.ActiveCfg = Debug|Any CPU
		{65E55A06-57A5-0F87-7939-132AE56C149E}.Debug|Any CPU.Build.0 = Debug|Any CPU
		{65E55A06-57A5-0F87-7939-132AE56C149E}.Release|Any CPU.ActiveCfg = Release|Any CPU
		{65E55A06-57A5-0F87-7939-132AE56C149E}.Release|Any CPU.Build.0 = Release|Any CPU
		{8B781149-24C7-E6C9-83D6-AE2DEE2CDADE}.Debug|Any CPU.ActiveCfg = Debug|Any CPU
		{8B781149-24C7-E6C9-83D6-AE2DEE2CDADE}.Debug|Any CPU.Build.0 = Debug|Any CPU
		{8B781149-24C7-E6C9-83D6-AE2DEE2CDADE}.Release|Any CPU.ActiveCfg = Release|Any CPU
		{8B781149-24C7-E6C9-83D6-AE2DEE2CDADE}.Release|Any CPU.Build.0 = Release|Any CPU
	EndGlobalSection
	GlobalSection(SolutionProperties) = preSolution
		HideSolutionNode = FALSE
	EndGlobalSection
	GlobalSection(NestedProjects) = preSolution
		{3948BAF0-023F-4B43-8E77-56C3B00C6EFD} = {D0212324-351E-4CA6-95EE-27754B5367CC}
		{AF041BAE-B45A-428B-B7F5-921CCB895558} = {A99FA26E-2098-403A-BD04-6BBCFBE3AC7D}
		{60461F37-79E1-4EBB-8742-9F6578C6A745} = {A99FA26E-2098-403A-BD04-6BBCFBE3AC7D}
		{91D7599F-B4BC-4C2E-A346-56DDCD6F9FDC} = {60461F37-79E1-4EBB-8742-9F6578C6A745}
		{02EA681E-C7D8-13C7-8484-4AC65E1B71E8} = {527248D6-B851-4C8D-8667-E2FB0A91DABF}
		{45B793EC-7BFF-45C0-BD0E-2D1601C8D01E} = {527248D6-B851-4C8D-8667-E2FB0A91DABF}
		{AAD61D93-7C78-42C4-9F37-2564D127A668} = {527248D6-B851-4C8D-8667-E2FB0A91DABF}
		{5220DB25-20E9-4D07-801C-A970E71FB21C} = {527248D6-B851-4C8D-8667-E2FB0A91DABF}
		{1C8B3D55-FF90-FCA1-6528-93E3E5BC88FF} = {5220DB25-20E9-4D07-801C-A970E71FB21C}
		{803E4C85-C898-7F96-0C9B-3B1738F450C9} = {5220DB25-20E9-4D07-801C-A970E71FB21C}
		{5B09EF59-5F6B-885A-126A-3D1BCFDC65E8} = {5220DB25-20E9-4D07-801C-A970E71FB21C}
		{5EFF79C1-CAC8-72E6-B97E-0A0327293389} = {5220DB25-20E9-4D07-801C-A970E71FB21C}
		{2F068118-E972-CBCB-1D84-8B1B8AB779CD} = {5220DB25-20E9-4D07-801C-A970E71FB21C}
		{897A92CE-3B9D-43DA-BBDE-085A6AA0BF33} = {527248D6-B851-4C8D-8667-E2FB0A91DABF}
		{44E2676B-6F07-44F1-9FAB-4A961A1ECEDE} = {527248D6-B851-4C8D-8667-E2FB0A91DABF}
		{CEA60FE9-5CFD-24E1-9BCC-E1289E8C4B1A} = {5220DB25-20E9-4D07-801C-A970E71FB21C}
		{2B82D0C6-FCC1-D99D-F00F-EC624A693E2C} = {5220DB25-20E9-4D07-801C-A970E71FB21C}
		{AC88CF06-ECEB-D5A7-2512-4DFDF1475D4D} = {5220DB25-20E9-4D07-801C-A970E71FB21C}
		{22DFEDFA-5D9E-EF0F-D8C6-0288F6F645A8} = {5220DB25-20E9-4D07-801C-A970E71FB21C}
		{FF2A0A1F-DD7E-7CB1-A8F4-2F1044FE2D50} = {5220DB25-20E9-4D07-801C-A970E71FB21C}
		{F7D8AF26-99DE-FF9F-9536-05249DDCE320} = {5220DB25-20E9-4D07-801C-A970E71FB21C}
		{4B5DB45A-2716-1FDE-8EC7-1AC75FFA30F2} = {02EA681E-C7D8-13C7-8484-4AC65E1B71E8}
		{78CBE43C-0EF2-048E-987B-A603A38099E6} = {02EA681E-C7D8-13C7-8484-4AC65E1B71E8}
		{AA90183E-F009-F88A-9081-BAB6E5ED6B22} = {02EA681E-C7D8-13C7-8484-4AC65E1B71E8}
		{266D14A8-4D8F-795F-169F-A7E7B4F23D1E} = {02EA681E-C7D8-13C7-8484-4AC65E1B71E8}
		{3E782B62-87D8-F5FD-CA2D-0D524C5BB530} = {02EA681E-C7D8-13C7-8484-4AC65E1B71E8}
		{F0DCEDDD-4565-B790-7175-94EAE5593CF6} = {44E2676B-6F07-44F1-9FAB-4A961A1ECEDE}
		{F772399E-3E59-4CCD-38F3-36D8B6DB619F} = {897A92CE-3B9D-43DA-BBDE-085A6AA0BF33}
		{04D19A18-4B5C-4D12-A677-5E7183D9D84F} = {AF041BAE-B45A-428B-B7F5-921CCB895558}
		{15F6D43F-75F5-1938-541A-DDEBCBC97D91} = {AAD61D93-7C78-42C4-9F37-2564D127A668}
		{2BF08754-1FB0-405D-9F0C-1BEFF9084E6E} = {527248D6-B851-4C8D-8667-E2FB0A91DABF}
		{6B6CC05A-1C2D-C567-3D0B-C5E87A042EEB} = {2BF08754-1FB0-405D-9F0C-1BEFF9084E6E}
		{65E55A06-57A5-0F87-7939-132AE56C149E} = {60461F37-79E1-4EBB-8742-9F6578C6A745}
		{8B781149-24C7-E6C9-83D6-AE2DEE2CDADE} = {45B793EC-7BFF-45C0-BD0E-2D1601C8D01E}
	EndGlobalSection
	GlobalSection(ExtensibilityGlobals) = postSolution
		SolutionGuid = {11A771DA-B728-445E-8A88-AE1C84C3B3A6}
	EndGlobalSection
EndGlobal
